
Microsoft Visual Studio Solution File, Format Version 12.00
# Visual Studio 15
VisualStudioVersion = 15.0.27428.2043
MinimumVisualStudioVersion = 10.0.40219.1
Project("{FAE04EC0-301F-11D3-BF4B-00C04F79EFBC}") = "Asistencia", "Asistencia\Asistencia.csproj", "{AF8E1738-A013-4901-B2CC-3E795766B023}"
EndProject
Global
	GlobalSection(SolutionConfigurationPlatforms) = preSolution
		Debug|Any CPU = Debug|Any CPU
		Release|Any CPU = Release|Any CPU
	EndGlobalSection
	GlobalSection(ProjectConfigurationPlatforms) = postSolution
		{AF8E1738-A013-4901-B2CC-3E795766B023}.Debug|Any CPU.ActiveCfg = Debug|Any CPU
		{AF8E1738-A013-4901-B2CC-3E795766B023}.Debug|Any CPU.Build.0 = Debug|Any CPU
		{AF8E1738-A013-4901-B2CC-3E795766B023}.Release|Any CPU.ActiveCfg = Release|Any CPU
		{AF8E1738-A013-4901-B2CC-3E795766B023}.Release|Any CPU.Build.0 = Release|Any CPU
	EndGlobalSection
	GlobalSection(SolutionProperties) = preSolution
		HideSolutionNode = FALSE
	EndGlobalSection
	GlobalSection(ExtensibilityGlobals) = postSolution
		SolutionGuid = {EB4C642A-C981-45D4-A495-8BFAE6BD4EF6}
	EndGlobalSection
EndGlobal
